// !$*UTF8*$!
{
	archiveVersion = 1;
	classes = {
	};
	objectVersion = 46;
	objects = {

/* Begin PBXBuildFile section */
		B83DDC1617939D8300C06998 /* RootViewController.mm in Sources */ = {isa = PBXBuildFile; fileRef = B83DDC1517939D8300C06998 /* RootViewController.mm */; };
		B83DDC1E17942A9500C06998 /* Label.mm in Sources */ = {isa = PBXBuildFile; fileRef = B83DDC1D17942A9500C06998 /* Label.mm */; };
		B83DDC2117942FBD00C06998 /* Texture2d.m in Sources */ = {isa = PBXBuildFile; fileRef = B83DDC1F17942FBD00C06998 /* Texture2d.m */; };
		B842E2101792E525009AA90A /* Scene.mm in Sources */ = {isa = PBXBuildFile; fileRef = B842E20E1792E525009AA90A /* Scene.mm */; };
		B85B83D217956408004A4036 /* Object.mm in Sources */ = {isa = PBXBuildFile; fileRef = B85B83D017956408004A4036 /* Object.mm */; };
		B85B83D517956470004A4036 /* Component.mm in Sources */ = {isa = PBXBuildFile; fileRef = B85B83D317956470004A4036 /* Component.mm */; };
		B8CE55571794F0D100E980D9 /* SoundManager.mm in Sources */ = {isa = PBXBuildFile; fileRef = B8CE55551794F0D100E980D9 /* SoundManager.mm */; };
		B8CE55591794F33200E980D9 /* OpenAL.framework in Frameworks */ = {isa = PBXBuildFile; fileRef = B8CE55581794F33200E980D9 /* OpenAL.framework */; };
		B8CE555B1794F8F700E980D9 /* AudioToolbox.framework in Frameworks */ = {isa = PBXBuildFile; fileRef = B8CE555A1794F8F700E980D9 /* AudioToolbox.framework */; };
		B8CE556117950E7300E980D9 /* AVFoundation.framework in Frameworks */ = {isa = PBXBuildFile; fileRef = B8CE556017950E7300E980D9 /* AVFoundation.framework */; };
		B8DBE70217931189001A1CB6 /* res in Resources */ = {isa = PBXBuildFile; fileRef = B8DBE70117931189001A1CB6 /* res */; };
		B8F2DAFC179284E400A809B8 /* UIKit.framework in Frameworks */ = {isa = PBXBuildFile; fileRef = B8F2DAFB179284E400A809B8 /* UIKit.framework */; };
		B8F2DAFE179284E400A809B8 /* Foundation.framework in Frameworks */ = {isa = PBXBuildFile; fileRef = B8F2DAFD179284E400A809B8 /* Foundation.framework */; };
		B8F2DB00179284E400A809B8 /* CoreGraphics.framework in Frameworks */ = {isa = PBXBuildFile; fileRef = B8F2DAFF179284E400A809B8 /* CoreGraphics.framework */; };
		B8F2DB06179284E400A809B8 /* InfoPlist.strings in Resources */ = {isa = PBXBuildFile; fileRef = B8F2DB04179284E400A809B8 /* InfoPlist.strings */; };
		B8F2DB08179284E400A809B8 /* main.mm in Sources */ = {isa = PBXBuildFile; fileRef = B8F2DB07179284E400A809B8 /* main.mm */; };
		B8F2DB0C179284E400A809B8 /* AppDelegate.mm in Sources */ = {isa = PBXBuildFile; fileRef = B8F2DB0B179284E400A809B8 /* AppDelegate.mm */; };
		B8F2DB0E179284E400A809B8 /* Default.png in Resources */ = {isa = PBXBuildFile; fileRef = B8F2DB0D179284E400A809B8 /* Default.png */; };
		B8F2DB10179284E400A809B8 /* Default@2x.png in Resources */ = {isa = PBXBuildFile; fileRef = B8F2DB0F179284E400A809B8 /* Default@2x.png */; };
		B8F2DB12179284E400A809B8 /* Default-568h@2x.png in Resources */ = {isa = PBXBuildFile; fileRef = B8F2DB11179284E400A809B8 /* Default-568h@2x.png */; };
		B8F2DB1A1792857300A809B8 /* OpenGLView.mm in Sources */ = {isa = PBXBuildFile; fileRef = B8F2DB191792857300A809B8 /* OpenGLView.mm */; };
		B8F2DB1C1792859500A809B8 /* OpenGLES.framework in Frameworks */ = {isa = PBXBuildFile; fileRef = B8F2DB1B1792859500A809B8 /* OpenGLES.framework */; };
		B8F2DB1E1792859A00A809B8 /* QuartzCore.framework in Frameworks */ = {isa = PBXBuildFile; fileRef = B8F2DB1D1792859A00A809B8 /* QuartzCore.framework */; };
		B8F2DB2717928C5900A809B8 /* FilesUtils.mm in Sources */ = {isa = PBXBuildFile; fileRef = B8F2DB2617928C5900A809B8 /* FilesUtils.mm */; };
		B8F2DB2C17929E7900A809B8 /* Types.mm in Sources */ = {isa = PBXBuildFile; fileRef = B8F2DB2B17929E7800A809B8 /* Types.mm */; };
		B8F2DB2F1792AD2700A809B8 /* Node.mm in Sources */ = {isa = PBXBuildFile; fileRef = B8F2DB2D1792AD2600A809B8 /* Node.mm */; };
		B8F2DB321792AF2F00A809B8 /* TextureManager.mm in Sources */ = {isa = PBXBuildFile; fileRef = B8F2DB301792AF2E00A809B8 /* TextureManager.mm */; };
		B8F2DB341792B4EF00A809B8 /* Default-ipad.png in Resources */ = {isa = PBXBuildFile; fileRef = B8F2DB331792B4EF00A809B8 /* Default-ipad.png */; };
		B8F2DB371792B69D00A809B8 /* Sprite.mm in Sources */ = {isa = PBXBuildFile; fileRef = B8F2DB351792B69C00A809B8 /* Sprite.mm */; };
		B8FD70AC179467BF00785F12 /* Common.mm in Sources */ = {isa = PBXBuildFile; fileRef = B8FD70AB179467BE00785F12 /* Common.mm */; };
		B8FD70AF1794731D00785F12 /* Mesh.mm in Sources */ = {isa = PBXBuildFile; fileRef = B8FD70AD1794731D00785F12 /* Mesh.mm */; };
/* End PBXBuildFile section */

/* Begin PBXFileReference section */
		B83DDC1417939D8300C06998 /* RootViewController.h */ = {isa = PBXFileReference; fileEncoding = 4; lastKnownFileType = sourcecode.c.h; path = RootViewController.h; sourceTree = "<group>"; };
		B83DDC1517939D8300C06998 /* RootViewController.mm */ = {isa = PBXFileReference; fileEncoding = 4; lastKnownFileType = sourcecode.cpp.objcpp; path = RootViewController.mm; sourceTree = "<group>"; };
		B83DDC1C17942A9500C06998 /* Label.h */ = {isa = PBXFileReference; fileEncoding = 4; lastKnownFileType = sourcecode.c.h; path = Label.h; sourceTree = "<group>"; };
		B83DDC1D17942A9500C06998 /* Label.mm */ = {isa = PBXFileReference; fileEncoding = 4; lastKnownFileType = sourcecode.cpp.objcpp; path = Label.mm; sourceTree = "<group>"; };
		B83DDC1F17942FBD00C06998 /* Texture2d.m */ = {isa = PBXFileReference; fileEncoding = 4; lastKnownFileType = sourcecode.c.objc; path = Texture2d.m; sourceTree = "<group>"; };
		B83DDC2017942FBD00C06998 /* Texture2d.h */ = {isa = PBXFileReference; fileEncoding = 4; lastKnownFileType = sourcecode.c.h; path = Texture2d.h; sourceTree = "<group>"; };
		B842E20E1792E525009AA90A /* Scene.mm */ = {isa = PBXFileReference; fileEncoding = 4; lastKnownFileType = sourcecode.cpp.objcpp; path = Scene.mm; sourceTree = "<group>"; };
		B842E20F1792E525009AA90A /* Scene.h */ = {isa = PBXFileReference; fileEncoding = 4; lastKnownFileType = sourcecode.c.h; path = Scene.h; sourceTree = "<group>"; };
		B85B83D017956408004A4036 /* Object.mm */ = {isa = PBXFileReference; fileEncoding = 4; lastKnownFileType = sourcecode.cpp.objcpp; path = Object.mm; sourceTree = "<group>"; };
		B85B83D117956408004A4036 /* Object.h */ = {isa = PBXFileReference; fileEncoding = 4; lastKnownFileType = sourcecode.c.h; path = Object.h; sourceTree = "<group>"; };
		B85B83D317956470004A4036 /* Component.mm */ = {isa = PBXFileReference; fileEncoding = 4; lastKnownFileType = sourcecode.cpp.objcpp; path = Component.mm; sourceTree = "<group>"; };
		B85B83D417956470004A4036 /* Component.h */ = {isa = PBXFileReference; fileEncoding = 4; lastKnownFileType = sourcecode.c.h; path = Component.h; sourceTree = "<group>"; };
		B8CE55551794F0D100E980D9 /* SoundManager.mm */ = {isa = PBXFileReference; fileEncoding = 4; lastKnownFileType = sourcecode.cpp.objcpp; path = SoundManager.mm; sourceTree = "<group>"; };
		B8CE55561794F0D100E980D9 /* SoundManager.h */ = {isa = PBXFileReference; fileEncoding = 4; lastKnownFileType = sourcecode.c.h; path = SoundManager.h; sourceTree = "<group>"; };
		B8CE55581794F33200E980D9 /* OpenAL.framework */ = {isa = PBXFileReference; lastKnownFileType = wrapper.framework; name = OpenAL.framework; path = System/Library/Frameworks/OpenAL.framework; sourceTree = SDKROOT; };
		B8CE555A1794F8F700E980D9 /* AudioToolbox.framework */ = {isa = PBXFileReference; lastKnownFileType = wrapper.framework; name = AudioToolbox.framework; path = System/Library/Frameworks/AudioToolbox.framework; sourceTree = SDKROOT; };
		B8CE556017950E7300E980D9 /* AVFoundation.framework */ = {isa = PBXFileReference; lastKnownFileType = wrapper.framework; name = AVFoundation.framework; path = System/Library/Frameworks/AVFoundation.framework; sourceTree = SDKROOT; };
		B8DBE70117931189001A1CB6 /* res */ = {isa = PBXFileReference; lastKnownFileType = folder; path = res; sourceTree = "<group>"; };
		B8F2DAF8179284E400A809B8 /* asteroidsTest.app */ = {isa = PBXFileReference; explicitFileType = wrapper.application; includeInIndex = 0; path = asteroidsTest.app; sourceTree = BUILT_PRODUCTS_DIR; };
		B8F2DAFB179284E400A809B8 /* UIKit.framework */ = {isa = PBXFileReference; lastKnownFileType = wrapper.framework; name = UIKit.framework; path = System/Library/Frameworks/UIKit.framework; sourceTree = SDKROOT; };
		B8F2DAFD179284E400A809B8 /* Foundation.framework */ = {isa = PBXFileReference; lastKnownFileType = wrapper.framework; name = Foundation.framework; path = System/Library/Frameworks/Foundation.framework; sourceTree = SDKROOT; };
		B8F2DAFF179284E400A809B8 /* CoreGraphics.framework */ = {isa = PBXFileReference; lastKnownFileType = wrapper.framework; name = CoreGraphics.framework; path = System/Library/Frameworks/CoreGraphics.framework; sourceTree = SDKROOT; };
		B8F2DB03179284E400A809B8 /* asteroidsTest-Info.plist */ = {isa = PBXFileReference; lastKnownFileType = text.plist.xml; path = "asteroidsTest-Info.plist"; sourceTree = "<group>"; };
		B8F2DB05179284E400A809B8 /* en */ = {isa = PBXFileReference; lastKnownFileType = text.plist.strings; name = en; path = en.lproj/InfoPlist.strings; sourceTree = "<group>"; };
		B8F2DB07179284E400A809B8 /* main.mm */ = {isa = PBXFileReference; lastKnownFileType = sourcecode.cpp.objcpp; path = main.mm; sourceTree = "<group>"; };
		B8F2DB09179284E400A809B8 /* asteroidsTest-Prefix.pch */ = {isa = PBXFileReference; lastKnownFileType = sourcecode.c.h; path = "asteroidsTest-Prefix.pch"; sourceTree = "<group>"; };
		B8F2DB0A179284E400A809B8 /* AppDelegate.h */ = {isa = PBXFileReference; lastKnownFileType = sourcecode.c.h; path = AppDelegate.h; sourceTree = "<group>"; };
		B8F2DB0B179284E400A809B8 /* AppDelegate.mm */ = {isa = PBXFileReference; lastKnownFileType = sourcecode.cpp.objcpp; path = AppDelegate.mm; sourceTree = "<group>"; };
		B8F2DB0D179284E400A809B8 /* Default.png */ = {isa = PBXFileReference; lastKnownFileType = image.png; path = Default.png; sourceTree = "<group>"; };
		B8F2DB0F179284E400A809B8 /* Default@2x.png */ = {isa = PBXFileReference; lastKnownFileType = image.png; path = "Default@2x.png"; sourceTree = "<group>"; };
		B8F2DB11179284E400A809B8 /* Default-568h@2x.png */ = {isa = PBXFileReference; lastKnownFileType = image.png; path = "Default-568h@2x.png"; sourceTree = "<group>"; };
		B8F2DB181792857300A809B8 /* OpenGLView.h */ = {isa = PBXFileReference; fileEncoding = 4; lastKnownFileType = sourcecode.c.h; path = OpenGLView.h; sourceTree = "<group>"; };
		B8F2DB191792857300A809B8 /* OpenGLView.mm */ = {isa = PBXFileReference; explicitFileType = sourcecode.cpp.objcpp; fileEncoding = 4; path = OpenGLView.mm; sourceTree = "<group>"; };
		B8F2DB1B1792859500A809B8 /* OpenGLES.framework */ = {isa = PBXFileReference; lastKnownFileType = wrapper.framework; name = OpenGLES.framework; path = System/Library/Frameworks/OpenGLES.framework; sourceTree = SDKROOT; };
		B8F2DB1D1792859A00A809B8 /* QuartzCore.framework */ = {isa = PBXFileReference; lastKnownFileType = wrapper.framework; name = QuartzCore.framework; path = System/Library/Frameworks/QuartzCore.framework; sourceTree = SDKROOT; };
		B8F2DB1F179286AD00A809B8 /* Common.h */ = {isa = PBXFileReference; lastKnownFileType = sourcecode.c.h; path = Common.h; sourceTree = "<group>"; };
		B8F2DB2517928C5900A809B8 /* FilesUtils.h */ = {isa = PBXFileReference; fileEncoding = 4; lastKnownFileType = sourcecode.c.h; path = FilesUtils.h; sourceTree = "<group>"; };
		B8F2DB2617928C5900A809B8 /* FilesUtils.mm */ = {isa = PBXFileReference; fileEncoding = 4; lastKnownFileType = sourcecode.cpp.objcpp; path = FilesUtils.mm; sourceTree = "<group>"; };
		B8F2DB2A17929E7800A809B8 /* Types.h */ = {isa = PBXFileReference; fileEncoding = 4; lastKnownFileType = sourcecode.c.h; path = Types.h; sourceTree = "<group>"; };
		B8F2DB2B17929E7800A809B8 /* Types.mm */ = {isa = PBXFileReference; fileEncoding = 4; lastKnownFileType = sourcecode.cpp.objcpp; path = Types.mm; sourceTree = "<group>"; };
		B8F2DB2D1792AD2600A809B8 /* Node.mm */ = {isa = PBXFileReference; fileEncoding = 4; lastKnownFileType = sourcecode.cpp.objcpp; path = Node.mm; sourceTree = "<group>"; };
		B8F2DB2E1792AD2600A809B8 /* Node.h */ = {isa = PBXFileReference; fileEncoding = 4; lastKnownFileType = sourcecode.c.h; path = Node.h; sourceTree = "<group>"; };
		B8F2DB301792AF2E00A809B8 /* TextureManager.mm */ = {isa = PBXFileReference; fileEncoding = 4; lastKnownFileType = sourcecode.cpp.objcpp; path = TextureManager.mm; sourceTree = "<group>"; };
		B8F2DB311792AF2F00A809B8 /* TextureManager.h */ = {isa = PBXFileReference; fileEncoding = 4; lastKnownFileType = sourcecode.c.h; path = TextureManager.h; sourceTree = "<group>"; };
		B8F2DB331792B4EF00A809B8 /* Default-ipad.png */ = {isa = PBXFileReference; lastKnownFileType = image.png; path = "Default-ipad.png"; sourceTree = "<group>"; };
		B8F2DB351792B69C00A809B8 /* Sprite.mm */ = {isa = PBXFileReference; fileEncoding = 4; lastKnownFileType = sourcecode.cpp.objcpp; path = Sprite.mm; sourceTree = "<group>"; };
		B8F2DB361792B69D00A809B8 /* Sprite.h */ = {isa = PBXFileReference; fileEncoding = 4; lastKnownFileType = sourcecode.c.h; path = Sprite.h; sourceTree = "<group>"; };
		B8FD70AB179467BE00785F12 /* Common.mm */ = {isa = PBXFileReference; fileEncoding = 4; lastKnownFileType = sourcecode.cpp.objcpp; path = Common.mm; sourceTree = "<group>"; };
		B8FD70AD1794731D00785F12 /* Mesh.mm */ = {isa = PBXFileReference; fileEncoding = 4; lastKnownFileType = sourcecode.cpp.objcpp; path = Mesh.mm; sourceTree = "<group>"; };
		B8FD70AE1794731D00785F12 /* Mesh.h */ = {isa = PBXFileReference; fileEncoding = 4; lastKnownFileType = sourcecode.c.h; path = Mesh.h; sourceTree = "<group>"; };
/* End PBXFileReference section */

/* Begin PBXFrameworksBuildPhase section */
		B8F2DAF5179284E400A809B8 /* Frameworks */ = {
			isa = PBXFrameworksBuildPhase;
			buildActionMask = 2147483647;
			files = (
				B8CE556117950E7300E980D9 /* AVFoundation.framework in Frameworks */,
				B8CE555B1794F8F700E980D9 /* AudioToolbox.framework in Frameworks */,
				B8CE55591794F33200E980D9 /* OpenAL.framework in Frameworks */,
				B8F2DB1E1792859A00A809B8 /* QuartzCore.framework in Frameworks */,
				B8F2DB1C1792859500A809B8 /* OpenGLES.framework in Frameworks */,
				B8F2DAFC179284E400A809B8 /* UIKit.framework in Frameworks */,
				B8F2DAFE179284E400A809B8 /* Foundation.framework in Frameworks */,
				B8F2DB00179284E400A809B8 /* CoreGraphics.framework in Frameworks */,
			);
			runOnlyForDeploymentPostprocessing = 0;
		};
/* End PBXFrameworksBuildPhase section */

/* Begin PBXGroup section */
		B8F2DAEF179284E400A809B8 = {
			isa = PBXGroup;
			children = (
				B8CE556017950E7300E980D9 /* AVFoundation.framework */,
				B8CE555A1794F8F700E980D9 /* AudioToolbox.framework */,
				B8CE55581794F33200E980D9 /* OpenAL.framework */,
				B8F2DB1D1792859A00A809B8 /* QuartzCore.framework */,
				B8F2DB1B1792859500A809B8 /* OpenGLES.framework */,
				B8F2DB01179284E400A809B8 /* asteroidsTest */,
				B8F2DAFA179284E400A809B8 /* Frameworks */,
				B8F2DAF9179284E400A809B8 /* Products */,
			);
			sourceTree = "<group>";
		};
		B8F2DAF9179284E400A809B8 /* Products */ = {
			isa = PBXGroup;
			children = (
				B8F2DAF8179284E400A809B8 /* asteroidsTest.app */,
			);
			name = Products;
			sourceTree = "<group>";
		};
		B8F2DAFA179284E400A809B8 /* Frameworks */ = {
			isa = PBXGroup;
			children = (
				B8F2DAFB179284E400A809B8 /* UIKit.framework */,
				B8F2DAFD179284E400A809B8 /* Foundation.framework */,
				B8F2DAFF179284E400A809B8 /* CoreGraphics.framework */,
			);
			name = Frameworks;
			sourceTree = "<group>";
		};
		B8F2DB01179284E400A809B8 /* asteroidsTest */ = {
			isa = PBXGroup;
			children = (
				B8DBE70117931189001A1CB6 /* res */,
				B8F2DB0A179284E400A809B8 /* AppDelegate.h */,
				B8F2DB0B179284E400A809B8 /* AppDelegate.mm */,
				B83DDC1417939D8300C06998 /* RootViewController.h */,
				B83DDC1517939D8300C06998 /* RootViewController.mm */,
				B8F2DB181792857300A809B8 /* OpenGLView.h */,
				B8F2DB191792857300A809B8 /* OpenGLView.mm */,
				B8F2DB2517928C5900A809B8 /* FilesUtils.h */,
				B8F2DB2617928C5900A809B8 /* FilesUtils.mm */,
				B8F2DB1F179286AD00A809B8 /* Common.h */,
				B8FD70AB179467BE00785F12 /* Common.mm */,
				B8F2DB2A17929E7800A809B8 /* Types.h */,
				B8F2DB2B17929E7800A809B8 /* Types.mm */,
				B8F2DB2D1792AD2600A809B8 /* Node.mm */,
				B8F2DB2E1792AD2600A809B8 /* Node.h */,
				B85B83D017956408004A4036 /* Object.mm */,
				B85B83D117956408004A4036 /* Object.h */,
				B85B83D317956470004A4036 /* Component.mm */,
				B85B83D417956470004A4036 /* Component.h */,
				B83DDC1C17942A9500C06998 /* Label.h */,
				B83DDC1D17942A9500C06998 /* Label.mm */,
				B83DDC1F17942FBD00C06998 /* Texture2d.m */,
				B83DDC2017942FBD00C06998 /* Texture2d.h */,
				B8F2DB351792B69C00A809B8 /* Sprite.mm */,
				B8F2DB361792B69D00A809B8 /* Sprite.h */,
				B8FD70AD1794731D00785F12 /* Mesh.mm */,
				B8FD70AE1794731D00785F12 /* Mesh.h */,
				B842E20E1792E525009AA90A /* Scene.mm */,
				B842E20F1792E525009AA90A /* Scene.h */,
				B8CE55551794F0D100E980D9 /* SoundManager.mm */,
				B8CE55561794F0D100E980D9 /* SoundManager.h */,
				B8F2DB301792AF2E00A809B8 /* TextureManager.mm */,
				B8F2DB311792AF2F00A809B8 /* TextureManager.h */,
				B8F2DB02179284E400A809B8 /* Supporting Files */,
			);
			path = asteroidsTest;
			sourceTree = "<group>";
		};
		B8F2DB02179284E400A809B8 /* Supporting Files */ = {
			isa = PBXGroup;
			children = (
				B8F2DB03179284E400A809B8 /* asteroidsTest-Info.plist */,
				B8F2DB04179284E400A809B8 /* InfoPlist.strings */,
				B8F2DB07179284E400A809B8 /* main.mm */,
				B8F2DB09179284E400A809B8 /* asteroidsTest-Prefix.pch */,
				B8F2DB331792B4EF00A809B8 /* Default-ipad.png */,
				B8F2DB0D179284E400A809B8 /* Default.png */,
				B8F2DB0F179284E400A809B8 /* Default@2x.png */,
				B8F2DB11179284E400A809B8 /* Default-568h@2x.png */,
			);
			name = "Supporting Files";
			sourceTree = "<group>";
		};
/* End PBXGroup section */

/* Begin PBXNativeTarget section */
		B8F2DAF7179284E400A809B8 /* asteroidsTest */ = {
			isa = PBXNativeTarget;
			buildConfigurationList = B8F2DB15179284E400A809B8 /* Build configuration list for PBXNativeTarget "asteroidsTest" */;
			buildPhases = (
				B8F2DAF4179284E400A809B8 /* Sources */,
				B8F2DAF5179284E400A809B8 /* Frameworks */,
				B8F2DAF6179284E400A809B8 /* Resources */,
			);
			buildRules = (
			);
			dependencies = (
			);
			name = asteroidsTest;
			productName = asteroidsTest;
			productReference = B8F2DAF8179284E400A809B8 /* asteroidsTest.app */;
			productType = "com.apple.product-type.application";
		};
/* End PBXNativeTarget section */

/* Begin PBXProject section */
		B8F2DAF0179284E400A809B8 /* Project object */ = {
			isa = PBXProject;
			attributes = {
				LastUpgradeCheck = 0460;
				ORGANIZATIONNAME = reenboog;
			};
			buildConfigurationList = B8F2DAF3179284E400A809B8 /* Build configuration list for PBXProject "asteroidsTest" */;
			compatibilityVersion = "Xcode 3.2";
			developmentRegion = English;
			hasScannedForEncodings = 0;
			knownRegions = (
				en,
			);
			mainGroup = B8F2DAEF179284E400A809B8;
			productRefGroup = B8F2DAF9179284E400A809B8 /* Products */;
			projectDirPath = "";
			projectRoot = "";
			targets = (
				B8F2DAF7179284E400A809B8 /* asteroidsTest */,
			);
		};
/* End PBXProject section */

/* Begin PBXResourcesBuildPhase section */
		B8F2DAF6179284E400A809B8 /* Resources */ = {
			isa = PBXResourcesBuildPhase;
			buildActionMask = 2147483647;
			files = (
				B8F2DB06179284E400A809B8 /* InfoPlist.strings in Resources */,
				B8F2DB0E179284E400A809B8 /* Default.png in Resources */,
				B8F2DB10179284E400A809B8 /* Default@2x.png in Resources */,
				B8F2DB12179284E400A809B8 /* Default-568h@2x.png in Resources */,
				B8F2DB341792B4EF00A809B8 /* Default-ipad.png in Resources */,
				B8DBE70217931189001A1CB6 /* res in Resources */,
			);
			runOnlyForDeploymentPostprocessing = 0;
		};
/* End PBXResourcesBuildPhase section */

/* Begin PBXSourcesBuildPhase section */
		B8F2DAF4179284E400A809B8 /* Sources */ = {
			isa = PBXSourcesBuildPhase;
			buildActionMask = 2147483647;
			files = (
				B8F2DB08179284E400A809B8 /* main.mm in Sources */,
				B8F2DB0C179284E400A809B8 /* AppDelegate.mm in Sources */,
				B8F2DB1A1792857300A809B8 /* OpenGLView.mm in Sources */,
				B8F2DB2717928C5900A809B8 /* FilesUtils.mm in Sources */,
				B8F2DB2C17929E7900A809B8 /* Types.mm in Sources */,
				B8F2DB2F1792AD2700A809B8 /* Node.mm in Sources */,
				B8F2DB321792AF2F00A809B8 /* TextureManager.mm in Sources */,
				B8F2DB371792B69D00A809B8 /* Sprite.mm in Sources */,
				B842E2101792E525009AA90A /* Scene.mm in Sources */,
				B83DDC1617939D8300C06998 /* RootViewController.mm in Sources */,
				B83DDC1E17942A9500C06998 /* Label.mm in Sources */,
				B83DDC2117942FBD00C06998 /* Texture2d.m in Sources */,
				B8FD70AC179467BF00785F12 /* Common.mm in Sources */,
				B8FD70AF1794731D00785F12 /* Mesh.mm in Sources */,
				B8CE55571794F0D100E980D9 /* SoundManager.mm in Sources */,
				B85B83D217956408004A4036 /* Object.mm in Sources */,
				B85B83D517956470004A4036 /* Component.mm in Sources */,
			);
			runOnlyForDeploymentPostprocessing = 0;
		};
/* End PBXSourcesBuildPhase section */

/* Begin PBXVariantGroup section */
		B8F2DB04179284E400A809B8 /* InfoPlist.strings */ = {
			isa = PBXVariantGroup;
			children = (
				B8F2DB05179284E400A809B8 /* en */,
			);
			name = InfoPlist.strings;
			sourceTree = "<group>";
		};
/* End PBXVariantGroup section */

/* Begin XCBuildConfiguration section */
		B8F2DB13179284E400A809B8 /* Debug */ = {
			isa = XCBuildConfiguration;
			buildSettings = {
				ALWAYS_SEARCH_USER_PATHS = NO;
				CLANG_CXX_LANGUAGE_STANDARD = "gnu++0x";
				CLANG_CXX_LIBRARY = "libc++";
				CLANG_WARN_CONSTANT_CONVERSION = YES;
				CLANG_WARN_EMPTY_BODY = YES;
				CLANG_WARN_ENUM_CONVERSION = YES;
				CLANG_WARN_INT_CONVERSION = YES;
				CLANG_WARN__DUPLICATE_METHOD_MATCH = YES;
				"CODE_SIGN_IDENTITY[sdk=iphoneos*]" = "iPhone Developer";
				COPY_PHASE_STRIP = NO;
				GCC_C_LANGUAGE_STANDARD = gnu99;
				GCC_DYNAMIC_NO_PIC = NO;
				GCC_OPTIMIZATION_LEVEL = 0;
				GCC_PREPROCESSOR_DEFINITIONS = (
					"DEBUG=1",
					"$(inherited)",
				);
				GCC_SYMBOLS_PRIVATE_EXTERN = NO;
				GCC_WARN_ABOUT_RETURN_TYPE = YES;
				GCC_WARN_UNINITIALIZED_AUTOS = YES;
				GCC_WARN_UNUSED_VARIABLE = YES;
				IPHONEOS_DEPLOYMENT_TARGET = 6.1;
				ONLY_ACTIVE_ARCH = YES;
				SDKROOT = iphoneos;
				TARGETED_DEVICE_FAMILY = "1,2";
			};
			name = Debug;
		};
		B8F2DB14179284E400A809B8 /* Release */ = {
			isa = XCBuildConfiguration;
			buildSettings = {
				ALWAYS_SEARCH_USER_PATHS = NO;
				CLANG_CXX_LANGUAGE_STANDARD = "gnu++0x";
				CLANG_CXX_LIBRARY = "libc++";
				CLANG_WARN_CONSTANT_CONVERSION = YES;
				CLANG_WARN_EMPTY_BODY = YES;
				CLANG_WARN_ENUM_CONVERSION = YES;
				CLANG_WARN_INT_CONVERSION = YES;
				CLANG_WARN__DUPLICATE_METHOD_MATCH = YES;
				"CODE_SIGN_IDENTITY[sdk=iphoneos*]" = "iPhone Developer";
				COPY_PHASE_STRIP = YES;
				GCC_C_LANGUAGE_STANDARD = gnu99;
				GCC_WARN_ABOUT_RETURN_TYPE = YES;
				GCC_WARN_UNINITIALIZED_AUTOS = YES;
				GCC_WARN_UNUSED_VARIABLE = YES;
				IPHONEOS_DEPLOYMENT_TARGET = 6.1;
				OTHER_CFLAGS = "-DNS_BLOCK_ASSERTIONS=1";
				SDKROOT = iphoneos;
				TARGETED_DEVICE_FAMILY = "1,2";
				VALIDATE_PRODUCT = YES;
			};
			name = Release;
		};
		B8F2DB16179284E400A809B8 /* Debug */ = {
			isa = XCBuildConfiguration;
			buildSettings = {
				CODE_SIGN_IDENTITY = "iPhone Developer: Alex Gievsky (66WDEA5Q7M)";
				"CODE_SIGN_IDENTITY[sdk=iphoneos*]" = "iPhone Developer: Alex Gievsky (66WDEA5Q7M)";
				GCC_PRECOMPILE_PREFIX_HEADER = YES;
				GCC_PREFIX_HEADER = "asteroidsTest/asteroidsTest-Prefix.pch";
				INFOPLIST_FILE = "asteroidsTest/asteroidsTest-Info.plist";
				IPHONEOS_DEPLOYMENT_TARGET = 5.1;
				PRODUCT_NAME = "$(TARGET_NAME)";
				PROVISIONING_PROFILE = "9BE35596-0786-48DB-85B4-7BAB011FF328";
				"PROVISIONING_PROFILE[sdk=iphoneos*]" = "9BE35596-0786-48DB-85B4-7BAB011FF328";
				WRAPPER_EXTENSION = app;
			};
			name = Debug;
		};
		B8F2DB17179284E400A809B8 /* Release */ = {
			isa = XCBuildConfiguration;
			buildSettings = {
				GCC_PRECOMPILE_PREFIX_HEADER = YES;
				GCC_PREFIX_HEADER = "asteroidsTest/asteroidsTest-Prefix.pch";
				INFOPLIST_FILE = "asteroidsTest/asteroidsTest-Info.plist";
				IPHONEOS_DEPLOYMENT_TARGET = 5.1;
				PRODUCT_NAME = "$(TARGET_NAME)";
				WRAPPER_EXTENSION = app;
			};
			name = Release;
		};
/* End XCBuildConfiguration section */

/* Begin XCConfigurationList section */
		B8F2DAF3179284E400A809B8 /* Build configuration list for PBXProject "asteroidsTest" */ = {
			isa = XCConfigurationList;
			buildConfigurations = (
				B8F2DB13179284E400A809B8 /* Debug */,
				B8F2DB14179284E400A809B8 /* Release */,
			);
			defaultConfigurationIsVisible = 0;
			defaultConfigurationName = Release;
		};
		B8F2DB15179284E400A809B8 /* Build configuration list for PBXNativeTarget "asteroidsTest" */ = {
			isa = XCConfigurationList;
			buildConfigurations = (
				B8F2DB16179284E400A809B8 /* Debug */,
				B8F2DB17179284E400A809B8 /* Release */,
			);
			defaultConfigurationIsVisible = 0;
			defaultConfigurationName = Release;
		};
/* End XCConfigurationList section */
	};
	rootObject = B8F2DAF0179284E400A809B8 /* Project object */;
}
